<?xml version="1.0" encoding="utf-8"?>
<Project ToolsVersion="4.0" xmlns="http://schemas.microsoft.com/developer/msbuild/2003">
  <ItemGroup>
    <Filter Include="Make files">
      <UniqueIdentifier>{b6497861-bcd8-4850-a5d7-4c317b0984b4}</UniqueIdentifier>
      <Extensions>*.mak</Extensions>
    </Filter>
    <Filter Include="include">
      <UniqueIdentifier>{19ed8749-fbfa-4803-9d47-e424d8ace352}</UniqueIdentifier>
    </Filter>
    <Filter Include="misc">
      <UniqueIdentifier>{1852c484-b354-4f6b-9a37-ff6471b79f4f}</UniqueIdentifier>
    </Filter>
    <Filter Include="process">
      <UniqueIdentifier>{542bb3b9-3f94-41e0-b2c2-5455da99404c}</UniqueIdentifier>
    </Filter>
    <Filter Include="file_dir">
      <UniqueIdentifier>{a72a3146-834a-4568-b721-30615b5360d2}</UniqueIdentifier>
    </Filter>
    <Filter Include="db">
      <UniqueIdentifier>{9168e04e-52bc-49e3-a598-fa49c12aa6c7}</UniqueIdentifier>
    </Filter>
    <Filter Include="printer">
      <UniqueIdentifier>{327c94b4-e869-4509-99ff-078f17b18c6e}</UniqueIdentifier>
    </Filter>
  </ItemGroup>
  <ItemGroup>
    <None Include="Makefile" />
    <None Include="debug.mak">
      <Filter>Make files</Filter>
    </None>
    <None Include="release.mak">
      <Filter>Make files</Filter>
    </None>
  </ItemGroup>
  <ItemGroup>
    <ClCompile Include="main.c" />
    <ClCompile Include="dir\file_dir.c">
      <Filter>file_dir</Filter>
    </ClCompile>
    <ClCompile Include="misc\misc.c">
      <Filter>misc</Filter>
    </ClCompile>
    <ClCompile Include="process\process.c">
      <Filter>process</Filter>
    </ClCompile>
    <ClCompile Include="process\thread.c">
      <Filter>process</Filter>
    </ClCompile>
    <ClCompile Include="process\ipc.c">
      <Filter>process</Filter>
    </ClCompile>
    <ClCompile Include="process\term.c">
      <Filter>process</Filter>
    </ClCompile>
    <ClCompile Include="misc\crc.c">
      <Filter>misc</Filter>
    </ClCompile>
    <ClCompile Include="db\db.c">
      <Filter>db</Filter>
    </ClCompile>
    <ClCompile Include="db\db_test.c">
      <Filter>db</Filter>
    </ClCompile>
    <ClCompile Include="printer\print.c">
      <Filter>printer</Filter>
    </ClCompile>
    <ClCompile Include="printer\printd.c">
      <Filter>printer</Filter>
    </ClCompile>
    <ClCompile Include="printer\util.c">
      <Filter>printer</Filter>
    </ClCompile>
    <ClCompile Include="printer\print_test.c">
      <Filter>printer</Filter>
    </ClCompile>
  </ItemGroup>
  <ItemGroup>
    <ClInclude Include="main.h" />
    <ClInclude Include="include\includes.h">
      <Filter>include</Filter>
    </ClInclude>
    <ClInclude Include="dir\file_dir.h">
      <Filter>file_dir</Filter>
    </ClInclude>
    <ClInclude Include="misc\misc.h">
      <Filter>misc</Filter>
    </ClInclude>
    <ClInclude Include="process\process.h">
      <Filter>process</Filter>
    </ClInclude>
    <ClInclude Include="process\thread.h">
      <Filter>process</Filter>
    </ClInclude>
    <ClInclude Include="process\ipc.h">
      <Filter>process</Filter>
    </ClInclude>
    <ClInclude Include="process\term.h">
      <Filter>process</Filter>
    </ClInclude>
    <ClInclude Include="misc\crc.h">
      <Filter>misc</Filter>
    </ClInclude>
    <ClInclude Include="db\apue_db.h">
      <Filter>db</Filter>
    </ClInclude>
    <ClInclude Include="db\db_test.h">
      <Filter>db</Filter>
    </ClInclude>
    <ClInclude Include="printer\ipp.h">
      <Filter>printer</Filter>
    </ClInclude>
    <ClInclude Include="printer\print.h">
      <Filter>printer</Filter>
    </ClInclude>
    <ClInclude Include="printer\print_test.h">
      <Filter>printer</Filter>
    </ClInclude>
  </ItemGroup>
  <ItemGroup>
    <Text Include="misc\crc_v3.txt">
      <Filter>misc</Filter>
    </Text>
  </ItemGroup>
</Project>